
Microsoft Visual Studio Solution File, Format Version 12.00
# Visual Studio Version 16
VisualStudioVersion = 16.0.30413.136
MinimumVisualStudioVersion = 10.0.40219.1
Project("{FAE04EC0-301F-11D3-BF4B-00C04F79EFBC}") = "SendMailWithSMTP", "SendMailWithSMTP\SendMailWithSMTP.csproj", "{72FE4055-1A18-43A5-A485-AB555A279321}"
EndProject
Global
	GlobalSection(SolutionConfigurationPlatforms) = preSolution
		Debug|Any CPU = Debug|Any CPU
		Release|Any CPU = Release|Any CPU
	EndGlobalSection
	GlobalSection(ProjectConfigurationPlatforms) = postSolution
		{72FE4055-1A18-43A5-A485-AB555A279321}.Debug|Any CPU.ActiveCfg = Debug|Any CPU
		{72FE4055-1A18-43A5-A485-AB555A279321}.Debug|Any CPU.Build.0 = Debug|Any CPU
		{72FE4055-1A18-43A5-A485-AB555A279321}.Release|Any CPU.ActiveCfg = Release|Any CPU
		{72FE4055-1A18-43A5-A485-AB555A279321}.Release|Any CPU.Build.0 = Release|Any CPU
	EndGlobalSection
	GlobalSection(SolutionProperties) = preSolution
		HideSolutionNode = FALSE
	EndGlobalSection
	GlobalSection(ExtensibilityGlobals) = postSolution
		SolutionGuid = {3D3E8805-1BB4-441A-926D-C74782304AB6}
	EndGlobalSection
EndGlobal
